
Microsoft Visual Studio Solution File, Format Version 12.00
# Visual Studio Version 17
VisualStudioVersion = 17.3.32922.545
MinimumVisualStudioVersion = 10.0.40219.1
Project("{FAE04EC0-301F-11D3-BF4B-00C04F79EFBC}") = "WpfApp15", "WpfApp15\WpfApp15.csproj", "{D9EAFBA7-2F02-46E0-98DA-32F323538E90}"
EndProject
Global
	GlobalSection(SolutionConfigurationPlatforms) = preSolution
		Debug|Any CPU = Debug|Any CPU
		Release|Any CPU = Release|Any CPU
	EndGlobalSection
	GlobalSection(ProjectConfigurationPlatforms) = postSolution
		{D9EAFBA7-2F02-46E0-98DA-32F323538E90}.Debug|Any CPU.ActiveCfg = Debug|Any CPU
		{D9EAFBA7-2F02-46E0-98DA-32F323538E90}.Debug|Any CPU.Build.0 = Debug|Any CPU
		{D9EAFBA7-2F02-46E0-98DA-32F323538E90}.Release|Any CPU.ActiveCfg = Release|Any CPU
		{D9EAFBA7-2F02-46E0-98DA-32F323538E90}.Release|Any CPU.Build.0 = Release|Any CPU
	EndGlobalSection
	GlobalSection(SolutionProperties) = preSolution
		HideSolutionNode = FALSE
	EndGlobalSection
	GlobalSection(ExtensibilityGlobals) = postSolution
		SolutionGuid = {8368C436-AFAE-4CD7-BA14-E48B90C6C672}
	EndGlobalSection
EndGlobal
